PODS:
  - Alamofire (5.4.4)
  - Differentiator (4.0.1)
  - KakaoSDK (2.8.1):
    - KakaoSDKAuth (= 2.8.1)
    - KakaoSDKCommon (= 2.8.1)
    - KakaoSDKLink (= 2.8.1)
    - KakaoSDKNavi (= 2.8.1)
    - KakaoSDKStory (= 2.8.1)
    - KakaoSDKTalk (= 2.8.1)
    - KakaoSDKTemplate (= 2.8.1)
    - KakaoSDKUser (= 2.8.1)
  - KakaoSDKAuth (2.8.1):
    - KakaoSDKCommon (= 2.8.1)
  - KakaoSDKCommon (2.8.1):
    - KakaoSDKCommon/Common (= 2.8.1)
    - KakaoSDKCommon/Network (= 2.8.1)
  - KakaoSDKCommon/Common (2.8.1)
  - KakaoSDKCommon/Network (2.8.1):
    - Alamofire (~> 5.1)
    - KakaoSDKCommon/Common (= 2.8.1)
  - KakaoSDKLink (2.8.1):
    - KakaoSDKCommon (= 2.8.1)
    - KakaoSDKTemplate (= 2.8.1)
  - KakaoSDKNavi (2.8.1):
    - KakaoSDKCommon/Common (= 2.8.1)
  - KakaoSDKStory (2.8.1):
    - KakaoSDKUser (= 2.8.1)
  - KakaoSDKTalk (2.8.1):
    - KakaoSDKTemplate (= 2.8.1)
    - KakaoSDKUser (= 2.8.1)
  - KakaoSDKTemplate (2.8.1):
    - KakaoSDKCommon/Common (= 2.8.1)
  - KakaoSDKUser (2.8.1):
    - KakaoSDKAuth (= 2.8.1)
  - Moya (14.0.0):
    - Moya/Core (= 14.0.0)
  - Moya/Core (14.0.0):
    - Alamofire (~> 5.0)
  - Moya/RxSwift (14.0.0):
    - Moya/Core
    - RxSwift (~> 5.0)
  - Realm (10.20.0):
    - Realm/Headers (= 10.20.0)
  - Realm/Headers (10.20.0)
  - RealmSwift (10.20.0):
    - Realm (= 10.20.0)
  - RxAlamofire (5.7.1):
    - RxAlamofire/Core (= 5.7.1)
  - RxAlamofire/Core (5.7.1):
    - Alamofire (~> 5.4)
    - RxSwift (~> 5.1)
  - RxCocoa (5.1.3):
    - RxRelay (~> 5)
    - RxSwift (~> 5)
  - RxDataSources (4.0.1):
    - Differentiator (~> 4.0)
    - RxCocoa (~> 5.0)
    - RxSwift (~> 5.0)
  - RxKakaoSDKAuth (2.8.1):
    - KakaoSDKAuth (= 2.8.1)
    - RxKakaoSDKCommon (= 2.8.1)
  - RxKakaoSDKCommon (2.8.1):
    - RxKakaoSDKCommon/Common (= 2.8.1)
    - RxKakaoSDKCommon/Network (= 2.8.1)
  - RxKakaoSDKCommon/Common (2.8.1):
    - KakaoSDKCommon/Common (= 2.8.1)
    - RxCocoa
    - RxSwift
  - RxKakaoSDKCommon/Network (2.8.1):
    - KakaoSDKCommon/Network (= 2.8.1)
    - RxAlamofire (~> 5.2)
    - RxKakaoSDKCommon/Common (= 2.8.1)
  - RxKakaoSDKUser (2.8.1):
    - KakaoSDKUser (= 2.8.1)
    - RxKakaoSDKAuth (= 2.8.1)
  - RxRelay (5.1.3):
    - RxSwift (~> 5)
  - RxSwift (5.1.3)
  - SnapKit (5.0.1)
  - SwiftLint (0.45.0)

DEPENDENCIES:
  - KakaoSDK
  - KakaoSDKAuth
  - KakaoSDKUser
  - Moya
  - Moya/RxSwift
  - RealmSwift
  - RxAlamofire
  - RxCocoa
  - RxDataSources (~> 4.0)
  - RxKakaoSDKAuth
  - RxKakaoSDKCommon
  - RxKakaoSDKUser
  - RxSwift
  - SnapKit (~> 5.0.0)
  - SwiftLint

SPEC REPOS:
  trunk:
    - Alamofire
    - Differentiator
    - KakaoSDK
    - KakaoSDKAuth
    - KakaoSDKCommon
    - KakaoSDKLink
    - KakaoSDKNavi
    - KakaoSDKStory
    - KakaoSDKTalk
    - KakaoSDKTemplate
    - KakaoSDKUser
    - Moya
    - Realm
    - RealmSwift
    - RxAlamofire
    - RxCocoa
    - RxDataSources
    - RxKakaoSDKAuth
    - RxKakaoSDKCommon
    - RxKakaoSDKUser
    - RxRelay
    - RxSwift
    - SnapKit
    - SwiftLint

SPEC CHECKSUMS:
  Alamofire: f3b09a368f1582ab751b3fff5460276e0d2cf5c9
  Differentiator: 886080237d9f87f322641dedbc5be257061b0602
  KakaoSDK: ea02b7f95458c184dc5b1c45a4fb685f6107c0bb
  KakaoSDKAuth: 3cf74660531ac85cd2c7931df8d90d562b0a8fe2
  KakaoSDKCommon: 701ef2a9b92215a4bf131b2a6139c3586b5e8d99
  KakaoSDKLink: 727eb79fcf1728e678af8c715c9e9213bd679206
  KakaoSDKNavi: 39cc71c6a99d1c06f8153cdedcad0ddcbbe0605b
  KakaoSDKStory: 117bd123c86d7490f037abb920d5fcf69ebcc1c4
  KakaoSDKTalk: 14a62541fbe93bfeafae8751e58d7212d3642431
  KakaoSDKTemplate: 1e47d4d711cdae4250e8750cf6ce76652736e73e
  KakaoSDKUser: c4bdbca17b05ce7a25c67176ac68b6b0c8b1db56
  Moya: 5b45dacb75adb009f97fde91c204c1e565d31916
  Realm: ae32bdc1da7d19c7617e0400201a77acd4a211b9
  RealmSwift: c95eec6a712924870b2e36c4c081d63ec07e5414
  RxAlamofire: 8e144c62dcc01d68dcb366bfc542eb6dd46bab78
  RxCocoa: e2ed092d5432e4296aa818021d27de4090ac0354
  RxDataSources: efee07fa4de48477eca0a4611e6d11e2da9c1114
  RxKakaoSDKAuth: dad91020fa60619b432cde5752055a12acb6ce68
  RxKakaoSDKCommon: 872604c9ab07c1bc6cc517b6732e0774052f2f5d
  RxKakaoSDKUser: c2a1de28cdad13578f63714b40ee47fd8985f839
  RxRelay: 5a18c2eb2d68326ebaf0112f80d837ae41b92b97
  RxSwift: 915abbdfb62214aa89ccd0b194d44fb478019b27
  SnapKit: 97b92857e3df3a0c71833cce143274bf6ef8e5eb
  SwiftLint: e5c7f1fba68eccfc51509d5b2ce1699f5502e0c7

PODFILE CHECKSUM: 30909772ee25d645d07014d353e6bc02cde51ce8

COCOAPODS: 1.10.1
