PODS:
  - Alamofire (5.4.3)
  - Differentiator (4.0.1)
  - Moya (14.0.0):
    - Moya/Core (= 14.0.0)
  - Moya/Core (14.0.0):
    - Alamofire (~> 5.0)
  - QBImagePickerController (3.4.0)
  - Realm (10.8.0):
    - Realm/Headers (= 10.8.0)
  - Realm/Headers (10.8.0)
  - RealmSwift (10.8.0):
    - Realm (= 10.8.0)
  - RxAlamofire (5.7.1):
    - RxAlamofire/Core (= 5.7.1)
  - RxAlamofire/Core (5.7.1):
    - Alamofire (~> 5.4)
    - RxSwift (~> 5.1)
  - RxCocoa (5.1.1):
    - RxRelay (~> 5)
    - RxSwift (~> 5)
  - RxDataSources (4.0.1):
    - Differentiator (~> 4.0)
    - RxCocoa (~> 5.0)
    - RxSwift (~> 5.0)
  - RxRelay (5.1.1):
    - RxSwift (~> 5)
  - RxSwift (5.1.2)
  - SnapKit (5.0.1)
  - SwiftLint (0.43.1)

DEPENDENCIES:
  - Moya
  - QBImagePickerController
  - RealmSwift
  - RxAlamofire
  - RxCocoa
  - RxDataSources (~> 4.0)
  - RxSwift
  - SnapKit (~> 5.0.0)
  - SwiftLint

SPEC REPOS:
  trunk:
    - Alamofire
    - Differentiator
    - Moya
    - QBImagePickerController
    - Realm
    - RealmSwift
    - RxAlamofire
    - RxCocoa
    - RxDataSources
    - RxRelay
    - RxSwift
    - SnapKit
    - SwiftLint

SPEC CHECKSUMS:
  Alamofire: e447a2774a40c996748296fa2c55112fdbbc42f9
  Differentiator: 886080237d9f87f322641dedbc5be257061b0602
  Moya: 5b45dacb75adb009f97fde91c204c1e565d31916
  QBImagePickerController: d54cf93db6decf26baf6ed3472f336ef35cae022
  Realm: ad3c5cd762e5a5bc02080fc55aa04a0e43f98575
  RealmSwift: 316e450478fb01e06ece4438dda42f407c5f51d2
  RxAlamofire: 8e144c62dcc01d68dcb366bfc542eb6dd46bab78
  RxCocoa: 32065309a38d29b5b0db858819b5bf9ef038b601
  RxDataSources: efee07fa4de48477eca0a4611e6d11e2da9c1114
  RxRelay: d77f7d771495f43c556cbc43eebd1bb54d01e8e9
  RxSwift: 1e2e1f9570186967f617e49128ed26ccf1bafc8e
  SnapKit: 97b92857e3df3a0c71833cce143274bf6ef8e5eb
  SwiftLint: 99f82d07b837b942dd563c668de129a03fc3fb52

PODFILE CHECKSUM: fd8f5d6cb02e466ea80b4407b25d456ecd109747

COCOAPODS: 1.10.1
