// !$*UTF8*$!
{
	archiveVersion = 1;
	classes = {
	};
	objectVersion = 51;
	objects = {

/* Begin PBXBuildFile section */
		4C1F80D125F337C200E98A0B /* BaseViewController.swift in Sources */ = {isa = PBXBuildFile; fileRef = 4C1F80D025F337C200E98A0B /* BaseViewController.swift */; };
		4C1F80D825F33B0200E98A0B /* StickerPackViewModel.swift in Sources */ = {isa = PBXBuildFile; fileRef = 4C1F80D725F33B0200E98A0B /* StickerPackViewModel.swift */; };
		4C1F80E125F3409600E98A0B /* PackNavigationBar.swift in Sources */ = {isa = PBXBuildFile; fileRef = 4C1F80E025F3409600E98A0B /* PackNavigationBar.swift */; };
		4C1F80E425F34A5100E98A0B /* StickerCollectionViewCell.swift in Sources */ = {isa = PBXBuildFile; fileRef = 4C1F80E325F34A5100E98A0B /* StickerCollectionViewCell.swift */; };
		4C357ADB25E0EC2500B23E84 /* StickerPackViewController.swift in Sources */ = {isa = PBXBuildFile; fileRef = 4C357ADA25E0EC2500B23E84 /* StickerPackViewController.swift */; };
		4C357ADF25E0F03B00B23E84 /* StickerPackCategory.swift in Sources */ = {isa = PBXBuildFile; fileRef = 4C357ADE25E0F03B00B23E84 /* StickerPackCategory.swift */; };
		4C357AE225E1013B00B23E84 /* ScrollStackView.swift in Sources */ = {isa = PBXBuildFile; fileRef = 4C357AE125E1013B00B23E84 /* ScrollStackView.swift */; };
		4C357AE825E10DCD00B23E84 /* CategoryLabel.swift in Sources */ = {isa = PBXBuildFile; fileRef = 4C357AE725E10DCD00B23E84 /* CategoryLabel.swift */; };
		4CBC5A6A25F24F55005D2592 /* HighlightButton.swift in Sources */ = {isa = PBXBuildFile; fileRef = 4CBC5A6925F24F55005D2592 /* HighlightButton.swift */; };
		4CBC5A9125F25CA3005D2592 /* StickerPackListViewModel.swift in Sources */ = {isa = PBXBuildFile; fileRef = 4CBC5A9025F25CA3005D2592 /* StickerPackListViewModel.swift */; };
		4CBC5A9525F264F6005D2592 /* StickerPackCollectionViewCell.swift in Sources */ = {isa = PBXBuildFile; fileRef = 4CBC5A9425F264F6005D2592 /* StickerPackCollectionViewCell.swift */; };
		4CBC5A9925F283AD005D2592 /* StickerFactory.swift in Sources */ = {isa = PBXBuildFile; fileRef = 4CBC5A9825F283AD005D2592 /* StickerFactory.swift */; };
		4CE649F625E0DEC80093D238 /* AddAlbumViewController.swift in Sources */ = {isa = PBXBuildFile; fileRef = 4CE649F125E0DEC80093D238 /* AddAlbumViewController.swift */; };
		4CE649F725E0DEC80093D238 /* StickerPackListViewController.swift in Sources */ = {isa = PBXBuildFile; fileRef = 4CE649F225E0DEC80093D238 /* StickerPackListViewController.swift */; };
		4CE649F925E0DEC80093D238 /* PhotoDecorateViewController.swift in Sources */ = {isa = PBXBuildFile; fileRef = 4CE649F425E0DEC80093D238 /* PhotoDecorateViewController.swift */; };
		4CE649FA25E0DEC80093D238 /* DecorateContainerViewController.swift in Sources */ = {isa = PBXBuildFile; fileRef = 4CE649F525E0DEC80093D238 /* DecorateContainerViewController.swift */; };
		4CE649FD25E0DEEA0093D238 /* ViewModelType.swift in Sources */ = {isa = PBXBuildFile; fileRef = 4CE649FC25E0DEEA0093D238 /* ViewModelType.swift */; };
		4CE64A0D25E0DF6F0093D238 /* PhotoViewModel.swift in Sources */ = {isa = PBXBuildFile; fileRef = 9B878C0525DA7F660024CFAA /* PhotoViewModel.swift */; };
		6521BF7C25BC273300580EB5 /* FlimService.swift in Sources */ = {isa = PBXBuildFile; fileRef = 6521BF7B25BC273300580EB5 /* FlimService.swift */; };
		6521BF8325BC274100580EB5 /* AlbumService.swift in Sources */ = {isa = PBXBuildFile; fileRef = 6521BF8225BC274100580EB5 /* AlbumService.swift */; };
		6521BF8625BC293300580EB5 /* PhotoService.swift in Sources */ = {isa = PBXBuildFile; fileRef = 6521BF8525BC293300580EB5 /* PhotoService.swift */; };
		6521BF8B25BC2A6900580EB5 /* Box.swift in Sources */ = {isa = PBXBuildFile; fileRef = 6521BF8A25BC2A6900580EB5 /* Box.swift */; };
		6521BF8F25BC2A8900580EB5 /* BoxService.swift in Sources */ = {isa = PBXBuildFile; fileRef = 6521BF8E25BC2A8900580EB5 /* BoxService.swift */; };
		652BC1CD25E0D62A00DC8E90 /* FilmPinterestCollectionViewLayout.swift in Sources */ = {isa = PBXBuildFile; fileRef = 652BC1C725E0D62A00DC8E90 /* FilmPinterestCollectionViewLayout.swift */; };
		652BC1CE25E0D62A00DC8E90 /* FilmCollectionViewCell.swift in Sources */ = {isa = PBXBuildFile; fileRef = 652BC1C925E0D62A00DC8E90 /* FilmCollectionViewCell.swift */; };
		652BC1CF25E0D62A00DC8E90 /* FilmPhotoCollectionViewCell.swift in Sources */ = {isa = PBXBuildFile; fileRef = 652BC1CA25E0D62A00DC8E90 /* FilmPhotoCollectionViewCell.swift */; };
		652BC1D025E0D62A00DC8E90 /* FilmVC.swift in Sources */ = {isa = PBXBuildFile; fileRef = 652BC1CB25E0D62A00DC8E90 /* FilmVC.swift */; };
		652BC1D125E0D62A00DC8E90 /* FilmHeaderCollectionViewCell.swift in Sources */ = {isa = PBXBuildFile; fileRef = 652BC1CC25E0D62A00DC8E90 /* FilmHeaderCollectionViewCell.swift */; };
		6533210E25E0D87B00E973BB /* MainTabBarController.swift in Sources */ = {isa = PBXBuildFile; fileRef = 6533210D25E0D87B00E973BB /* MainTabBarController.swift */; };
		653F7D7C2598849B002CD12A /* Album.swift in Sources */ = {isa = PBXBuildFile; fileRef = 653F7D7B2598849B002CD12A /* Album.swift */; };
		653F7D7E259884A3002CD12A /* Photo.swift in Sources */ = {isa = PBXBuildFile; fileRef = 653F7D7D259884A3002CD12A /* Photo.swift */; };
		653F7D80259884D4002CD12A /* Film.swift in Sources */ = {isa = PBXBuildFile; fileRef = 653F7D7F259884D4002CD12A /* Film.swift */; };
		653F7D822598850D002CD12A /* Sticker.swift in Sources */ = {isa = PBXBuildFile; fileRef = 653F7D812598850D002CD12A /* Sticker.swift */; };
		653F7D8425988510002CD12A /* User.swift in Sources */ = {isa = PBXBuildFile; fileRef = 653F7D8325988510002CD12A /* User.swift */; };
		65426FC125B2FD61006124BA /* Typography.swift in Sources */ = {isa = PBXBuildFile; fileRef = 65426FC025B2FD61006124BA /* Typography.swift */; };
		65426FC525B2FD68006124BA /* Color.swift in Sources */ = {isa = PBXBuildFile; fileRef = 65426FC425B2FD68006124BA /* Color.swift */; };
		654C746D259C4845007B1D4A /* AlbumLayout.swift in Sources */ = {isa = PBXBuildFile; fileRef = 654C746C259C4845007B1D4A /* AlbumLayout.swift */; };
		654C7470259C4872007B1D4A /* AlbumCover.swift in Sources */ = {isa = PBXBuildFile; fileRef = 654C746F259C4872007B1D4A /* AlbumCover.swift */; };
		65950D1E25DD6F3400CD94EA /* AlbumPreviewCell.swift in Sources */ = {isa = PBXBuildFile; fileRef = 65950D1D25DD6F3400CD94EA /* AlbumPreviewCell.swift */; };
		65950D2525DD6F6100CD94EA /* AlbumListCell.swift in Sources */ = {isa = PBXBuildFile; fileRef = 65950D2425DD6F6100CD94EA /* AlbumListCell.swift */; };
		65AE123725CFEDF40036147F /* AlbumViewController.swift in Sources */ = {isa = PBXBuildFile; fileRef = 65AE123625CFEDF40036147F /* AlbumViewController.swift */; };
		65B2657F25CE8E2300ED9CEA /* StickerPack.swift in Sources */ = {isa = PBXBuildFile; fileRef = 65B2657E25CE8E2300ED9CEA /* StickerPack.swift */; };
		8B0A2B0354AB7A351CB704D3 /* Pods_90s.framework in Frameworks */ = {isa = PBXBuildFile; fileRef = F1FE85A0779FB2ED8BBD5479 /* Pods_90s.framework */; };
		9B739C5D260379C200CF659C /* FilmPopupView.swift in Sources */ = {isa = PBXBuildFile; fileRef = 9B739C5C260379C200CF659C /* FilmPopupView.swift */; };
		9B878D5725E0EAFD0024CFAA /* Extension.swift in Sources */ = {isa = PBXBuildFile; fileRef = 9B878D5625E0EAFD0024CFAA /* Extension.swift */; };
		9B878D5D25E0F4110024CFAA /* FilmListVC.swift in Sources */ = {isa = PBXBuildFile; fileRef = 9B878D5C25E0F4110024CFAA /* FilmListVC.swift */; };
		9B878D6025E0F48A0024CFAA /* FilmListTableViewCell.swift in Sources */ = {isa = PBXBuildFile; fileRef = 9B878D5F25E0F48A0024CFAA /* FilmListTableViewCell.swift */; };
		9B878D6425E10B820024CFAA /* FilmListCollectionViewCell.swift in Sources */ = {isa = PBXBuildFile; fileRef = 9B878D6325E10B820024CFAA /* FilmListCollectionViewCell.swift */; };
		9B878D7D25E405010024CFAA /* FilmListSectionHeaderCell.swift in Sources */ = {isa = PBXBuildFile; fileRef = 9B878D7C25E405010024CFAA /* FilmListSectionHeaderCell.swift */; };
		9BA119D226086C430045F37B /* .swiftlint.yml in Resources */ = {isa = PBXBuildFile; fileRef = 9BA119D126086C430045F37B /* .swiftlint.yml */; };
		9BA3FF5625FDF4B5000D2A2E /* FilmViewModel.swift in Sources */ = {isa = PBXBuildFile; fileRef = 9BA3FF5525FDF4B5000D2A2E /* FilmViewModel.swift */; };
		9BA3FF5F25FE13E1000D2A2E /* FilmListDetailViewController.swift in Sources */ = {isa = PBXBuildFile; fileRef = 9BA3FF5E25FE13E1000D2A2E /* FilmListDetailViewController.swift */; };
		9BB76130254EACF4005B7B5A /* AppDelegate.swift in Sources */ = {isa = PBXBuildFile; fileRef = 9BB7612F254EACF4005B7B5A /* AppDelegate.swift */; };
		9BB76132254EACF4005B7B5A /* SceneDelegate.swift in Sources */ = {isa = PBXBuildFile; fileRef = 9BB76131254EACF4005B7B5A /* SceneDelegate.swift */; };
		9BB76139254EACF6005B7B5A /* Assets.xcassets in Resources */ = {isa = PBXBuildFile; fileRef = 9BB76138254EACF6005B7B5A /* Assets.xcassets */; };
		9BB7613C254EACF6005B7B5A /* LaunchScreen.storyboard in Resources */ = {isa = PBXBuildFile; fileRef = 9BB7613A254EACF6005B7B5A /* LaunchScreen.storyboard */; };
		9BD15EA0260093710038C968 /* NavigationBar.swift in Sources */ = {isa = PBXBuildFile; fileRef = 9BD15E9F260093710038C968 /* NavigationBar.swift */; };
		9BD15EA32600AA870038C968 /* NavBarRightBtn.swift in Sources */ = {isa = PBXBuildFile; fileRef = 9BD15EA22600AA870038C968 /* NavBarRightBtn.swift */; };
		9BE8E68626032BAB00A6EEBC /* FilmListPrintTableViewCell.swift in Sources */ = {isa = PBXBuildFile; fileRef = 9BE8E68526032BAB00A6EEBC /* FilmListPrintTableViewCell.swift */; };
/* End PBXBuildFile section */

/* Begin PBXFileReference section */
		4C1F80D025F337C200E98A0B /* BaseViewController.swift */ = {isa = PBXFileReference; lastKnownFileType = sourcecode.swift; path = BaseViewController.swift; sourceTree = "<group>"; };
		4C1F80D725F33B0200E98A0B /* StickerPackViewModel.swift */ = {isa = PBXFileReference; lastKnownFileType = sourcecode.swift; path = StickerPackViewModel.swift; sourceTree = "<group>"; };
		4C1F80E025F3409600E98A0B /* PackNavigationBar.swift */ = {isa = PBXFileReference; lastKnownFileType = sourcecode.swift; path = PackNavigationBar.swift; sourceTree = "<group>"; };
		4C1F80E325F34A5100E98A0B /* StickerCollectionViewCell.swift */ = {isa = PBXFileReference; lastKnownFileType = sourcecode.swift; path = StickerCollectionViewCell.swift; sourceTree = "<group>"; };
		4C357ADA25E0EC2500B23E84 /* StickerPackViewController.swift */ = {isa = PBXFileReference; lastKnownFileType = sourcecode.swift; path = StickerPackViewController.swift; sourceTree = "<group>"; };
		4C357ADE25E0F03B00B23E84 /* StickerPackCategory.swift */ = {isa = PBXFileReference; lastKnownFileType = sourcecode.swift; path = StickerPackCategory.swift; sourceTree = "<group>"; };
		4C357AE125E1013B00B23E84 /* ScrollStackView.swift */ = {isa = PBXFileReference; lastKnownFileType = sourcecode.swift; path = ScrollStackView.swift; sourceTree = "<group>"; };
		4C357AE725E10DCD00B23E84 /* CategoryLabel.swift */ = {isa = PBXFileReference; lastKnownFileType = sourcecode.swift; path = CategoryLabel.swift; sourceTree = "<group>"; };
		4C5D343625CFC06900228CFF /* PhotoDecorateViewModel.swift */ = {isa = PBXFileReference; lastKnownFileType = sourcecode.swift; path = PhotoDecorateViewModel.swift; sourceTree = "<group>"; };
		4C5D343B25CFC98900228CFF /* ViewModelType.swift */ = {isa = PBXFileReference; lastKnownFileType = sourcecode.swift; path = ViewModelType.swift; sourceTree = "<group>"; };
		4C5D346F25CFDC8800228CFF /* DecorateContainerViewController.swift */ = {isa = PBXFileReference; lastKnownFileType = sourcecode.swift; path = DecorateContainerViewController.swift; sourceTree = "<group>"; };
		4C5D347325CFDD7B00228CFF /* PhotoDecorateViewController.swift */ = {isa = PBXFileReference; lastKnownFileType = sourcecode.swift; path = PhotoDecorateViewController.swift; sourceTree = "<group>"; };
		4C5D34A125D00DAA00228CFF /* StickerPackViewController.swift */ = {isa = PBXFileReference; lastKnownFileType = sourcecode.swift; path = StickerPackViewController.swift; sourceTree = "<group>"; };
		4C5D34A425D015AE00228CFF /* StickersViewController.swift */ = {isa = PBXFileReference; lastKnownFileType = sourcecode.swift; path = StickersViewController.swift; sourceTree = "<group>"; };
		4C5D34A725D015B900228CFF /* AddAlbumViewController.swift */ = {isa = PBXFileReference; lastKnownFileType = sourcecode.swift; path = AddAlbumViewController.swift; sourceTree = "<group>"; };
		4CBC5A6925F24F55005D2592 /* HighlightButton.swift */ = {isa = PBXFileReference; lastKnownFileType = sourcecode.swift; path = HighlightButton.swift; sourceTree = "<group>"; };
		4CBC5A9025F25CA3005D2592 /* StickerPackListViewModel.swift */ = {isa = PBXFileReference; lastKnownFileType = sourcecode.swift; path = StickerPackListViewModel.swift; sourceTree = "<group>"; };
		4CBC5A9425F264F6005D2592 /* StickerPackCollectionViewCell.swift */ = {isa = PBXFileReference; lastKnownFileType = sourcecode.swift; path = StickerPackCollectionViewCell.swift; sourceTree = "<group>"; };
		4CBC5A9825F283AD005D2592 /* StickerFactory.swift */ = {isa = PBXFileReference; lastKnownFileType = sourcecode.swift; path = StickerFactory.swift; sourceTree = "<group>"; };
		4CE649F125E0DEC80093D238 /* AddAlbumViewController.swift */ = {isa = PBXFileReference; fileEncoding = 4; lastKnownFileType = sourcecode.swift; path = AddAlbumViewController.swift; sourceTree = "<group>"; };
		4CE649F225E0DEC80093D238 /* StickerPackListViewController.swift */ = {isa = PBXFileReference; fileEncoding = 4; lastKnownFileType = sourcecode.swift; path = StickerPackListViewController.swift; sourceTree = "<group>"; };
		4CE649F425E0DEC80093D238 /* PhotoDecorateViewController.swift */ = {isa = PBXFileReference; fileEncoding = 4; lastKnownFileType = sourcecode.swift; path = PhotoDecorateViewController.swift; sourceTree = "<group>"; };
		4CE649F525E0DEC80093D238 /* DecorateContainerViewController.swift */ = {isa = PBXFileReference; fileEncoding = 4; lastKnownFileType = sourcecode.swift; path = DecorateContainerViewController.swift; sourceTree = "<group>"; };
		4CE649FC25E0DEEA0093D238 /* ViewModelType.swift */ = {isa = PBXFileReference; fileEncoding = 4; lastKnownFileType = sourcecode.swift; path = ViewModelType.swift; sourceTree = "<group>"; };
		6521BF7B25BC273300580EB5 /* FlimService.swift */ = {isa = PBXFileReference; lastKnownFileType = sourcecode.swift; path = FlimService.swift; sourceTree = "<group>"; };
		6521BF8225BC274100580EB5 /* AlbumService.swift */ = {isa = PBXFileReference; lastKnownFileType = sourcecode.swift; path = AlbumService.swift; sourceTree = "<group>"; };
		6521BF8525BC293300580EB5 /* PhotoService.swift */ = {isa = PBXFileReference; lastKnownFileType = sourcecode.swift; path = PhotoService.swift; sourceTree = "<group>"; };
		6521BF8A25BC2A6900580EB5 /* Box.swift */ = {isa = PBXFileReference; lastKnownFileType = sourcecode.swift; path = Box.swift; sourceTree = "<group>"; };
		6521BF8E25BC2A8900580EB5 /* BoxService.swift */ = {isa = PBXFileReference; lastKnownFileType = sourcecode.swift; path = BoxService.swift; sourceTree = "<group>"; };
		652BC1C725E0D62A00DC8E90 /* FilmPinterestCollectionViewLayout.swift */ = {isa = PBXFileReference; fileEncoding = 4; lastKnownFileType = sourcecode.swift; path = FilmPinterestCollectionViewLayout.swift; sourceTree = "<group>"; };
		652BC1C925E0D62A00DC8E90 /* FilmCollectionViewCell.swift */ = {isa = PBXFileReference; fileEncoding = 4; lastKnownFileType = sourcecode.swift; path = FilmCollectionViewCell.swift; sourceTree = "<group>"; };
		652BC1CA25E0D62A00DC8E90 /* FilmPhotoCollectionViewCell.swift */ = {isa = PBXFileReference; fileEncoding = 4; lastKnownFileType = sourcecode.swift; path = FilmPhotoCollectionViewCell.swift; sourceTree = "<group>"; };
		652BC1CB25E0D62A00DC8E90 /* FilmVC.swift */ = {isa = PBXFileReference; fileEncoding = 4; lastKnownFileType = sourcecode.swift; path = FilmVC.swift; sourceTree = "<group>"; };
		652BC1CC25E0D62A00DC8E90 /* FilmHeaderCollectionViewCell.swift */ = {isa = PBXFileReference; fileEncoding = 4; lastKnownFileType = sourcecode.swift; path = FilmHeaderCollectionViewCell.swift; sourceTree = "<group>"; };
		6533210D25E0D87B00E973BB /* MainTabBarController.swift */ = {isa = PBXFileReference; lastKnownFileType = sourcecode.swift; path = MainTabBarController.swift; sourceTree = "<group>"; };
		653F7D7B2598849B002CD12A /* Album.swift */ = {isa = PBXFileReference; lastKnownFileType = sourcecode.swift; path = Album.swift; sourceTree = "<group>"; };
		653F7D7D259884A3002CD12A /* Photo.swift */ = {isa = PBXFileReference; lastKnownFileType = sourcecode.swift; path = Photo.swift; sourceTree = "<group>"; };
		653F7D7F259884D4002CD12A /* Film.swift */ = {isa = PBXFileReference; lastKnownFileType = sourcecode.swift; path = Film.swift; sourceTree = "<group>"; };
		653F7D812598850D002CD12A /* Sticker.swift */ = {isa = PBXFileReference; lastKnownFileType = sourcecode.swift; path = Sticker.swift; sourceTree = "<group>"; };
		653F7D8325988510002CD12A /* User.swift */ = {isa = PBXFileReference; lastKnownFileType = sourcecode.swift; path = User.swift; sourceTree = "<group>"; };
		65426FC025B2FD61006124BA /* Typography.swift */ = {isa = PBXFileReference; lastKnownFileType = sourcecode.swift; path = Typography.swift; sourceTree = "<group>"; };
		65426FC425B2FD68006124BA /* Color.swift */ = {isa = PBXFileReference; lastKnownFileType = sourcecode.swift; path = Color.swift; sourceTree = "<group>"; };
		654C746C259C4845007B1D4A /* AlbumLayout.swift */ = {isa = PBXFileReference; lastKnownFileType = sourcecode.swift; path = AlbumLayout.swift; sourceTree = "<group>"; };
		654C746F259C4872007B1D4A /* AlbumCover.swift */ = {isa = PBXFileReference; lastKnownFileType = sourcecode.swift; path = AlbumCover.swift; sourceTree = "<group>"; };
		65950D1D25DD6F3400CD94EA /* AlbumPreviewCell.swift */ = {isa = PBXFileReference; lastKnownFileType = sourcecode.swift; path = AlbumPreviewCell.swift; sourceTree = "<group>"; };
		65950D2425DD6F6100CD94EA /* AlbumListCell.swift */ = {isa = PBXFileReference; lastKnownFileType = sourcecode.swift; path = AlbumListCell.swift; sourceTree = "<group>"; };
		65AE123625CFEDF40036147F /* AlbumViewController.swift */ = {isa = PBXFileReference; lastKnownFileType = sourcecode.swift; path = AlbumViewController.swift; sourceTree = "<group>"; };
		65B2657E25CE8E2300ED9CEA /* StickerPack.swift */ = {isa = PBXFileReference; lastKnownFileType = sourcecode.swift; path = StickerPack.swift; sourceTree = "<group>"; };
		9B739C5C260379C200CF659C /* FilmPopupView.swift */ = {isa = PBXFileReference; lastKnownFileType = sourcecode.swift; path = FilmPopupView.swift; sourceTree = "<group>"; };
		9B878C0525DA7F660024CFAA /* PhotoViewModel.swift */ = {isa = PBXFileReference; lastKnownFileType = sourcecode.swift; path = PhotoViewModel.swift; sourceTree = "<group>"; };
		9B878D5625E0EAFD0024CFAA /* Extension.swift */ = {isa = PBXFileReference; lastKnownFileType = sourcecode.swift; path = Extension.swift; sourceTree = "<group>"; };
		9B878D5C25E0F4110024CFAA /* FilmListVC.swift */ = {isa = PBXFileReference; lastKnownFileType = sourcecode.swift; path = FilmListVC.swift; sourceTree = "<group>"; };
		9B878D5F25E0F48A0024CFAA /* FilmListTableViewCell.swift */ = {isa = PBXFileReference; lastKnownFileType = sourcecode.swift; path = FilmListTableViewCell.swift; sourceTree = "<group>"; };
		9B878D6325E10B820024CFAA /* FilmListCollectionViewCell.swift */ = {isa = PBXFileReference; lastKnownFileType = sourcecode.swift; path = FilmListCollectionViewCell.swift; sourceTree = "<group>"; };
		9B878D7C25E405010024CFAA /* FilmListSectionHeaderCell.swift */ = {isa = PBXFileReference; lastKnownFileType = sourcecode.swift; path = FilmListSectionHeaderCell.swift; sourceTree = "<group>"; };
		9BA119D126086C430045F37B /* .swiftlint.yml */ = {isa = PBXFileReference; lastKnownFileType = text.yaml; path = .swiftlint.yml; sourceTree = "<group>"; };
		9BA3FF5525FDF4B5000D2A2E /* FilmViewModel.swift */ = {isa = PBXFileReference; fileEncoding = 4; lastKnownFileType = sourcecode.swift; path = FilmViewModel.swift; sourceTree = "<group>"; };
		9BA3FF5E25FE13E1000D2A2E /* FilmListDetailViewController.swift */ = {isa = PBXFileReference; lastKnownFileType = sourcecode.swift; path = FilmListDetailViewController.swift; sourceTree = "<group>"; };
		9BB7612C254EACF4005B7B5A /* 90s.app */ = {isa = PBXFileReference; explicitFileType = wrapper.application; includeInIndex = 0; path = 90s.app; sourceTree = BUILT_PRODUCTS_DIR; };
		9BB7612F254EACF4005B7B5A /* AppDelegate.swift */ = {isa = PBXFileReference; lastKnownFileType = sourcecode.swift; path = AppDelegate.swift; sourceTree = "<group>"; };
		9BB76131254EACF4005B7B5A /* SceneDelegate.swift */ = {isa = PBXFileReference; lastKnownFileType = sourcecode.swift; path = SceneDelegate.swift; sourceTree = "<group>"; };
		9BB76138254EACF6005B7B5A /* Assets.xcassets */ = {isa = PBXFileReference; lastKnownFileType = folder.assetcatalog; path = Assets.xcassets; sourceTree = "<group>"; };
		9BB7613B254EACF6005B7B5A /* Base */ = {isa = PBXFileReference; lastKnownFileType = file.storyboard; name = Base; path = Base.lproj/LaunchScreen.storyboard; sourceTree = "<group>"; };
		9BB7613D254EACF6005B7B5A /* Info.plist */ = {isa = PBXFileReference; lastKnownFileType = text.plist.xml; path = Info.plist; sourceTree = "<group>"; };
		9BD15E9F260093710038C968 /* NavigationBar.swift */ = {isa = PBXFileReference; lastKnownFileType = sourcecode.swift; path = NavigationBar.swift; sourceTree = "<group>"; };
		9BD15EA22600AA870038C968 /* NavBarRightBtn.swift */ = {isa = PBXFileReference; lastKnownFileType = sourcecode.swift; path = NavBarRightBtn.swift; sourceTree = "<group>"; };
		9BE8E68526032BAB00A6EEBC /* FilmListPrintTableViewCell.swift */ = {isa = PBXFileReference; lastKnownFileType = sourcecode.swift; path = FilmListPrintTableViewCell.swift; sourceTree = "<group>"; };
		E3E98072D479862E161291E6 /* Pods-90s.debug.xcconfig */ = {isa = PBXFileReference; includeInIndex = 1; lastKnownFileType = text.xcconfig; name = "Pods-90s.debug.xcconfig"; path = "Target Support Files/Pods-90s/Pods-90s.debug.xcconfig"; sourceTree = "<group>"; };
		EF32D8F8CE2C65225D3A7B50 /* Pods-90s.release.xcconfig */ = {isa = PBXFileReference; includeInIndex = 1; lastKnownFileType = text.xcconfig; name = "Pods-90s.release.xcconfig"; path = "Target Support Files/Pods-90s/Pods-90s.release.xcconfig"; sourceTree = "<group>"; };
		F1FE85A0779FB2ED8BBD5479 /* Pods_90s.framework */ = {isa = PBXFileReference; explicitFileType = wrapper.framework; includeInIndex = 0; path = Pods_90s.framework; sourceTree = BUILT_PRODUCTS_DIR; };
/* End PBXFileReference section */

/* Begin PBXFrameworksBuildPhase section */
		9BB76129254EACF4005B7B5A /* Frameworks */ = {
			isa = PBXFrameworksBuildPhase;
			buildActionMask = 2147483647;
			files = (
				8B0A2B0354AB7A351CB704D3 /* Pods_90s.framework in Frameworks */,
			);
			runOnlyForDeploymentPostprocessing = 0;
		};
/* End PBXFrameworksBuildPhase section */

/* Begin PBXGroup section */
		4C1F80CF25F3379800E98A0B /* Common */ = {
			isa = PBXGroup;
			children = (
				6533210D25E0D87B00E973BB /* MainTabBarController.swift */,
				4C1F80D025F337C200E98A0B /* BaseViewController.swift */,
				9BD15E9F260093710038C968 /* NavigationBar.swift */,
			);
			path = Common;
			sourceTree = "<group>";
		};
		4C1F80D325F3384500E98A0B /* Cells */ = {
			isa = PBXGroup;
			children = (
				4CBC5A9425F264F6005D2592 /* StickerPackCollectionViewCell.swift */,
				4C1F80E325F34A5100E98A0B /* StickerCollectionViewCell.swift */,
			);
			path = Cells;
			sourceTree = "<group>";
		};
		4C1F80D425F3385600E98A0B /* ViewControllers */ = {
			isa = PBXGroup;
			children = (
				4CE649F525E0DEC80093D238 /* DecorateContainerViewController.swift */,
				4CE649F225E0DEC80093D238 /* StickerPackListViewController.swift */,
				4CE649F425E0DEC80093D238 /* PhotoDecorateViewController.swift */,
				4C357ADA25E0EC2500B23E84 /* StickerPackViewController.swift */,
				4CE649F125E0DEC80093D238 /* AddAlbumViewController.swift */,
			);
			path = ViewControllers;
			sourceTree = "<group>";
		};
		4CBC5A6E25F2523A005D2592 /* Helpers */ = {
			isa = PBXGroup;
			children = (
				4C357AE125E1013B00B23E84 /* ScrollStackView.swift */,
				4C357AE725E10DCD00B23E84 /* CategoryLabel.swift */,
				4CBC5A6925F24F55005D2592 /* HighlightButton.swift */,
				4C1F80E025F3409600E98A0B /* PackNavigationBar.swift */,
			);
			path = Helpers;
			sourceTree = "<group>";
		};
		4CBC5A8F25F25C92005D2592 /* Stickers */ = {
			isa = PBXGroup;
			children = (
				4CBC5A9025F25CA3005D2592 /* StickerPackListViewModel.swift */,
				4C1F80D725F33B0200E98A0B /* StickerPackViewModel.swift */,
			);
			path = Stickers;
			sourceTree = "<group>";
		};
		4CE649E325E0DE740093D238 /* Recovered References */ = {
			isa = PBXGroup;
			children = (
				4C5D34A725D015B900228CFF /* AddAlbumViewController.swift */,
				4C5D347325CFDD7B00228CFF /* PhotoDecorateViewController.swift */,
				4C5D343B25CFC98900228CFF /* ViewModelType.swift */,
				4C5D34A125D00DAA00228CFF /* StickerPackViewController.swift */,
				4C5D343625CFC06900228CFF /* PhotoDecorateViewModel.swift */,
				4C5D346F25CFDC8800228CFF /* DecorateContainerViewController.swift */,
				4C5D34A425D015AE00228CFF /* StickersViewController.swift */,
			);
			name = "Recovered References";
			sourceTree = "<group>";
		};
		4CE649F025E0DEC80093D238 /* PhotoDecorate */ = {
			isa = PBXGroup;
			children = (
				4C1F80D425F3385600E98A0B /* ViewControllers */,
				4C1F80D325F3384500E98A0B /* Cells */,
				4CBC5A6E25F2523A005D2592 /* Helpers */,
			);
			path = PhotoDecorate;
			sourceTree = "<group>";
		};
		5204BE48B9FB222314ED9744 /* Pods */ = {
			isa = PBXGroup;
			children = (
				E3E98072D479862E161291E6 /* Pods-90s.debug.xcconfig */,
				EF32D8F8CE2C65225D3A7B50 /* Pods-90s.release.xcconfig */,
			);
			path = Pods;
			sourceTree = "<group>";
		};
		6521BF6525BC1C6700580EB5 /* Flim */ = {
			isa = PBXGroup;
			children = (
				653F7D7F259884D4002CD12A /* Film.swift */,
				653F7D7D259884A3002CD12A /* Photo.swift */,
			);
			path = Flim;
			sourceTree = "<group>";
		};
		6521BF6625BC1CA200580EB5 /* Album */ = {
			isa = PBXGroup;
			children = (
				653F7D7B2598849B002CD12A /* Album.swift */,
				654C746C259C4845007B1D4A /* AlbumLayout.swift */,
				654C746F259C4872007B1D4A /* AlbumCover.swift */,
			);
			path = Album;
			sourceTree = "<group>";
		};
		6521BF6725BC1CB800580EB5 /* Box */ = {
			isa = PBXGroup;
			children = (
				6521BF8A25BC2A6900580EB5 /* Box.swift */,
			);
			path = Box;
			sourceTree = "<group>";
		};
		6521BF7A25BC272200580EB5 /* Service */ = {
			isa = PBXGroup;
			children = (
				6521BF7B25BC273300580EB5 /* FlimService.swift */,
				6521BF8E25BC2A8900580EB5 /* BoxService.swift */,
				6521BF8225BC274100580EB5 /* AlbumService.swift */,
				6521BF8525BC293300580EB5 /* PhotoService.swift */,
			);
			path = Service;
			sourceTree = "<group>";
		};
		652BC1C625E0D62A00DC8E90 /* CollectionViewLayout */ = {
			isa = PBXGroup;
			children = (
				652BC1C725E0D62A00DC8E90 /* FilmPinterestCollectionViewLayout.swift */,
			);
			path = CollectionViewLayout;
			sourceTree = "<group>";
		};
		652BC1C825E0D62A00DC8E90 /* Film */ = {
			isa = PBXGroup;
			children = (
				9B878D5A25E0F3CB0024CFAA /* FilmMainVC */,
				9B878D5B25E0F3E30024CFAA /* FilmListVC */,
				9BA3FF5D25FE137F000D2A2E /* FilmListDetailVC */,
				9B739C5C260379C200CF659C /* FilmPopupView.swift */,
			);
			path = Film;
			sourceTree = "<group>";
		};
		652BC1D525E0D69300DC8E90 /* SupportingFiles */ = {
			isa = PBXGroup;
			children = (
				9BB7613A254EACF6005B7B5A /* LaunchScreen.storyboard */,
				9BB7613D254EACF6005B7B5A /* Info.plist */,
			);
			path = SupportingFiles;
			sourceTree = "<group>";
		};
		652BC1E325E0D6C600DC8E90 /* Entry */ = {
			isa = PBXGroup;
			children = (
				9BB7612F254EACF4005B7B5A /* AppDelegate.swift */,
				9BB76131254EACF4005B7B5A /* SceneDelegate.swift */,
			);
			path = Entry;
			sourceTree = "<group>";
		};
		653F7D7A2598842B002CD12A /* Model */ = {
			isa = PBXGroup;
			children = (
				65B2658125CE8F6300ED9CEA /* Sticker */,
				6521BF6525BC1C6700580EB5 /* Flim */,
				6521BF6725BC1CB800580EB5 /* Box */,
				6521BF6625BC1CA200580EB5 /* Album */,
				653F7D8325988510002CD12A /* User.swift */,
			);
			path = Model;
			sourceTree = "<group>";
		};
		65426FBF25B2FD1D006124BA /* Resource */ = {
			isa = PBXGroup;
			children = (
				9BB76138254EACF6005B7B5A /* Assets.xcassets */,
				65426FC025B2FD61006124BA /* Typography.swift */,
				65426FC425B2FD68006124BA /* Color.swift */,
				9B878D5625E0EAFD0024CFAA /* Extension.swift */,
				9BD15EA22600AA870038C968 /* NavBarRightBtn.swift */,
			);
			path = Resource;
			sourceTree = "<group>";
		};
		65AE123425CFEDAA0036147F /* View */ = {
			isa = PBXGroup;
			children = (
				4C1F80CF25F3379800E98A0B /* Common */,
				4CE649F025E0DEC80093D238 /* PhotoDecorate */,
				652BC1C825E0D62A00DC8E90 /* Film */,
				652BC1C625E0D62A00DC8E90 /* CollectionViewLayout */,
				65AE123525CFEDDD0036147F /* Album */,
			);
			path = View;
			sourceTree = "<group>";
		};
		65AE123525CFEDDD0036147F /* Album */ = {
			isa = PBXGroup;
			children = (
				65AE123A25CFEF260036147F /* Cell */,
				65AE123625CFEDF40036147F /* AlbumViewController.swift */,
			);
			path = Album;
			sourceTree = "<group>";
		};
		65AE123A25CFEF260036147F /* Cell */ = {
			isa = PBXGroup;
			children = (
				65950D1D25DD6F3400CD94EA /* AlbumPreviewCell.swift */,
				65950D2425DD6F6100CD94EA /* AlbumListCell.swift */,
			);
			path = Cell;
			sourceTree = "<group>";
		};
		65B2658125CE8F6300ED9CEA /* Sticker */ = {
			isa = PBXGroup;
			children = (
				653F7D812598850D002CD12A /* Sticker.swift */,
				65B2657E25CE8E2300ED9CEA /* StickerPack.swift */,
				4C357ADE25E0F03B00B23E84 /* StickerPackCategory.swift */,
				4CBC5A9825F283AD005D2592 /* StickerFactory.swift */,
			);
			path = Sticker;
			sourceTree = "<group>";
		};
		91EBC68EC6CAE224A90A8984 /* Frameworks */ = {
			isa = PBXGroup;
			children = (
				F1FE85A0779FB2ED8BBD5479 /* Pods_90s.framework */,
			);
			name = Frameworks;
			sourceTree = "<group>";
		};
		9B878C0025DA7F200024CFAA /* ViewModel */ = {
			isa = PBXGroup;
			children = (
				4CE649FC25E0DEEA0093D238 /* ViewModelType.swift */,
				9B878C2925DA861C0024CFAA /* Film */,
				4CBC5A8F25F25C92005D2592 /* Stickers */,
			);
			path = ViewModel;
			sourceTree = "<group>";
		};
		9B878C2925DA861C0024CFAA /* Film */ = {
			isa = PBXGroup;
			children = (
				9BA3FF5525FDF4B5000D2A2E /* FilmViewModel.swift */,
				9B878C0525DA7F660024CFAA /* PhotoViewModel.swift */,
			);
			path = Film;
			sourceTree = "<group>";
		};
		9B878D5A25E0F3CB0024CFAA /* FilmMainVC */ = {
			isa = PBXGroup;
			children = (
				652BC1CB25E0D62A00DC8E90 /* FilmVC.swift */,
				652BC1C925E0D62A00DC8E90 /* FilmCollectionViewCell.swift */,
				652BC1CA25E0D62A00DC8E90 /* FilmPhotoCollectionViewCell.swift */,
				652BC1CC25E0D62A00DC8E90 /* FilmHeaderCollectionViewCell.swift */,
			);
			path = FilmMainVC;
			sourceTree = "<group>";
		};
		9B878D5B25E0F3E30024CFAA /* FilmListVC */ = {
			isa = PBXGroup;
			children = (
				9B878D5C25E0F4110024CFAA /* FilmListVC.swift */,
				9B878D5F25E0F48A0024CFAA /* FilmListTableViewCell.swift */,
				9B878D6325E10B820024CFAA /* FilmListCollectionViewCell.swift */,
				9B878D7C25E405010024CFAA /* FilmListSectionHeaderCell.swift */,
				9BE8E68526032BAB00A6EEBC /* FilmListPrintTableViewCell.swift */,
			);
			path = FilmListVC;
			sourceTree = "<group>";
		};
		9BA3FF5D25FE137F000D2A2E /* FilmListDetailVC */ = {
			isa = PBXGroup;
			children = (
				9BA3FF5E25FE13E1000D2A2E /* FilmListDetailViewController.swift */,
			);
			path = FilmListDetailVC;
			sourceTree = "<group>";
		};
		9BB76123254EACF4005B7B5A = {
			isa = PBXGroup;
			children = (
				9BA119D126086C430045F37B /* .swiftlint.yml */,
				9BB7612E254EACF4005B7B5A /* 90s */,
				9BB7612D254EACF4005B7B5A /* Products */,
				5204BE48B9FB222314ED9744 /* Pods */,
				4CE649E325E0DE740093D238 /* Recovered References */,
				91EBC68EC6CAE224A90A8984 /* Frameworks */,
			);
			sourceTree = "<group>";
		};
		9BB7612D254EACF4005B7B5A /* Products */ = {
			isa = PBXGroup;
			children = (
				9BB7612C254EACF4005B7B5A /* 90s.app */,
			);
			name = Products;
			sourceTree = "<group>";
		};
		9BB7612E254EACF4005B7B5A /* 90s */ = {
			isa = PBXGroup;
			children = (
				652BC1E325E0D6C600DC8E90 /* Entry */,
				65426FBF25B2FD1D006124BA /* Resource */,
				652BC1D525E0D69300DC8E90 /* SupportingFiles */,
				65AE123425CFEDAA0036147F /* View */,
				6521BF7A25BC272200580EB5 /* Service */,
				653F7D7A2598842B002CD12A /* Model */,
				9B878C0025DA7F200024CFAA /* ViewModel */,
			);
			path = 90s;
			sourceTree = "<group>";
		};
/* End PBXGroup section */

/* Begin PBXNativeTarget section */
		9BB7612B254EACF4005B7B5A /* 90s */ = {
			isa = PBXNativeTarget;
			buildConfigurationList = 9BB76140254EACF6005B7B5A /* Build configuration list for PBXNativeTarget "90s" */;
			buildPhases = (
				D1F290FDF94CA052AF79A822 /* [CP] Check Pods Manifest.lock */,
				9BB76128254EACF4005B7B5A /* Sources */,
				9BB76129254EACF4005B7B5A /* Frameworks */,
				9BB7612A254EACF4005B7B5A /* Resources */,
				9BA119C126086A820045F37B /* ShellScript */,
				4407CF67ABA5769A9AE1DE3C /* [CP] Embed Pods Frameworks */,
			);
			buildRules = (
			);
			dependencies = (
			);
			name = 90s;
			productName = 90s;
			productReference = 9BB7612C254EACF4005B7B5A /* 90s.app */;
			productType = "com.apple.product-type.application";
		};
/* End PBXNativeTarget section */

/* Begin PBXProject section */
		9BB76124254EACF4005B7B5A /* Project object */ = {
			isa = PBXProject;
			attributes = {
				LastSwiftUpdateCheck = 1200;
				LastUpgradeCheck = 1200;
				TargetAttributes = {
					9BB7612B254EACF4005B7B5A = {
						CreatedOnToolsVersion = 12.0.1;
					};
				};
			};
			buildConfigurationList = 9BB76127254EACF4005B7B5A /* Build configuration list for PBXProject "90s" */;
			compatibilityVersion = "Xcode 9.3";
			developmentRegion = en;
			hasScannedForEncodings = 0;
			knownRegions = (
				en,
				Base,
			);
			mainGroup = 9BB76123254EACF4005B7B5A;
			productRefGroup = 9BB7612D254EACF4005B7B5A /* Products */;
			projectDirPath = "";
			projectRoot = "";
			targets = (
				9BB7612B254EACF4005B7B5A /* 90s */,
			);
		};
/* End PBXProject section */

/* Begin PBXResourcesBuildPhase section */
		9BB7612A254EACF4005B7B5A /* Resources */ = {
			isa = PBXResourcesBuildPhase;
			buildActionMask = 2147483647;
			files = (
				9BA119D226086C430045F37B /* .swiftlint.yml in Resources */,
				9BB7613C254EACF6005B7B5A /* LaunchScreen.storyboard in Resources */,
				9BB76139254EACF6005B7B5A /* Assets.xcassets in Resources */,
			);
			runOnlyForDeploymentPostprocessing = 0;
		};
/* End PBXResourcesBuildPhase section */

/* Begin PBXShellScriptBuildPhase section */
		4407CF67ABA5769A9AE1DE3C /* [CP] Embed Pods Frameworks */ = {
			isa = PBXShellScriptBuildPhase;
			buildActionMask = 2147483647;
			files = (
			);
			inputFileListPaths = (
				"${PODS_ROOT}/Target Support Files/Pods-90s/Pods-90s-frameworks-${CONFIGURATION}-input-files.xcfilelist",
			);
			name = "[CP] Embed Pods Frameworks";
			outputFileListPaths = (
				"${PODS_ROOT}/Target Support Files/Pods-90s/Pods-90s-frameworks-${CONFIGURATION}-output-files.xcfilelist",
			);
			runOnlyForDeploymentPostprocessing = 0;
			shellPath = /bin/sh;
			shellScript = "\"${PODS_ROOT}/Target Support Files/Pods-90s/Pods-90s-frameworks.sh\"\n";
			showEnvVarsInLog = 0;
		};
		9BA119C126086A820045F37B /* ShellScript */ = {
			isa = PBXShellScriptBuildPhase;
			buildActionMask = 2147483647;
			files = (
			);
			inputFileListPaths = (
			);
			inputPaths = (
			);
			outputFileListPaths = (
			);
			outputPaths = (
			);
			runOnlyForDeploymentPostprocessing = 0;
			shellPath = "$(PODS_ROOT)/SwiftLint/swiftlint autocorrect";
			shellScript = "# Type a script or drag a script file from your workspace to insert its path.\n";
		};
		D1F290FDF94CA052AF79A822 /* [CP] Check Pods Manifest.lock */ = {
			isa = PBXShellScriptBuildPhase;
			buildActionMask = 2147483647;
			files = (
			);
			inputFileListPaths = (
			);
			inputPaths = (
				"${PODS_PODFILE_DIR_PATH}/Podfile.lock",
				"${PODS_ROOT}/Manifest.lock",
			);
			name = "[CP] Check Pods Manifest.lock";
			outputFileListPaths = (
			);
			outputPaths = (
				"$(DERIVED_FILE_DIR)/Pods-90s-checkManifestLockResult.txt",
			);
			runOnlyForDeploymentPostprocessing = 0;
			shellPath = /bin/sh;
			shellScript = "diff \"${PODS_PODFILE_DIR_PATH}/Podfile.lock\" \"${PODS_ROOT}/Manifest.lock\" > /dev/null\nif [ $? != 0 ] ; then\n    # print error to STDERR\n    echo \"error: The sandbox is not in sync with the Podfile.lock. Run 'pod install' or update your CocoaPods installation.\" >&2\n    exit 1\nfi\n# This output is used by Xcode 'outputs' to avoid re-running this script phase.\necho \"SUCCESS\" > \"${SCRIPT_OUTPUT_FILE_0}\"\n";
			showEnvVarsInLog = 0;
		};
/* End PBXShellScriptBuildPhase section */

/* Begin PBXSourcesBuildPhase section */
		9BB76128254EACF4005B7B5A /* Sources */ = {
			isa = PBXSourcesBuildPhase;
			buildActionMask = 2147483647;
			files = (
				4CE64A0D25E0DF6F0093D238 /* PhotoViewModel.swift in Sources */,
				4CBC5A9525F264F6005D2592 /* StickerPackCollectionViewCell.swift in Sources */,
				4CE649F725E0DEC80093D238 /* StickerPackListViewController.swift in Sources */,
				9B878D5D25E0F4110024CFAA /* FilmListVC.swift in Sources */,
				9B878D6025E0F48A0024CFAA /* FilmListTableViewCell.swift in Sources */,
				652BC1D125E0D62A00DC8E90 /* FilmHeaderCollectionViewCell.swift in Sources */,
				4CE649FA25E0DEC80093D238 /* DecorateContainerViewController.swift in Sources */,
				4C1F80E125F3409600E98A0B /* PackNavigationBar.swift in Sources */,
				4C1F80D125F337C200E98A0B /* BaseViewController.swift in Sources */,
				9BA3FF5F25FE13E1000D2A2E /* FilmListDetailViewController.swift in Sources */,
				9BE8E68626032BAB00A6EEBC /* FilmListPrintTableViewCell.swift in Sources */,
				653F7D80259884D4002CD12A /* Film.swift in Sources */,
				652BC1D025E0D62A00DC8E90 /* FilmVC.swift in Sources */,
				654C746D259C4845007B1D4A /* AlbumLayout.swift in Sources */,
				9B739C5D260379C200CF659C /* FilmPopupView.swift in Sources */,
				4C357AE825E10DCD00B23E84 /* CategoryLabel.swift in Sources */,
				9B878D7D25E405010024CFAA /* FilmListSectionHeaderCell.swift in Sources */,
				9BB76130254EACF4005B7B5A /* AppDelegate.swift in Sources */,
				4CBC5A6A25F24F55005D2592 /* HighlightButton.swift in Sources */,
				65950D1E25DD6F3400CD94EA /* AlbumPreviewCell.swift in Sources */,
				6521BF7C25BC273300580EB5 /* FlimService.swift in Sources */,
				65426FC525B2FD68006124BA /* Color.swift in Sources */,
				9BB76132254EACF4005B7B5A /* SceneDelegate.swift in Sources */,
				9B878D6425E10B820024CFAA /* FilmListCollectionViewCell.swift in Sources */,
				6533210E25E0D87B00E973BB /* MainTabBarController.swift in Sources */,
				9BA3FF5625FDF4B5000D2A2E /* FilmViewModel.swift in Sources */,
				652BC1CF25E0D62A00DC8E90 /* FilmPhotoCollectionViewCell.swift in Sources */,
				653F7D8425988510002CD12A /* User.swift in Sources */,
				4CE649F925E0DEC80093D238 /* PhotoDecorateViewController.swift in Sources */,
				9BD15EA32600AA870038C968 /* NavBarRightBtn.swift in Sources */,
				653F7D7C2598849B002CD12A /* Album.swift in Sources */,
				4C357ADF25E0F03B00B23E84 /* StickerPackCategory.swift in Sources */,
				654C7470259C4872007B1D4A /* AlbumCover.swift in Sources */,
				4CBC5A9125F25CA3005D2592 /* StickerPackListViewModel.swift in Sources */,
				652BC1CD25E0D62A00DC8E90 /* FilmPinterestCollectionViewLayout.swift in Sources */,
				653F7D822598850D002CD12A /* Sticker.swift in Sources */,
				4C1F80E425F34A5100E98A0B /* StickerCollectionViewCell.swift in Sources */,
				4CE649F625E0DEC80093D238 /* AddAlbumViewController.swift in Sources */,
				65426FC125B2FD61006124BA /* Typography.swift in Sources */,
				65B2657F25CE8E2300ED9CEA /* StickerPack.swift in Sources */,
				4CE649FD25E0DEEA0093D238 /* ViewModelType.swift in Sources */,
				6521BF8B25BC2A6900580EB5 /* Box.swift in Sources */,
				6521BF8625BC293300580EB5 /* PhotoService.swift in Sources */,
				653F7D7E259884A3002CD12A /* Photo.swift in Sources */,
				65950D2525DD6F6100CD94EA /* AlbumListCell.swift in Sources */,
				4C357ADB25E0EC2500B23E84 /* StickerPackViewController.swift in Sources */,
				9BD15EA0260093710038C968 /* NavigationBar.swift in Sources */,
				652BC1CE25E0D62A00DC8E90 /* FilmCollectionViewCell.swift in Sources */,
				4C357AE225E1013B00B23E84 /* ScrollStackView.swift in Sources */,
				4CBC5A9925F283AD005D2592 /* StickerFactory.swift in Sources */,
				6521BF8F25BC2A8900580EB5 /* BoxService.swift in Sources */,
				65AE123725CFEDF40036147F /* AlbumViewController.swift in Sources */,
				9B878D5725E0EAFD0024CFAA /* Extension.swift in Sources */,
				6521BF8325BC274100580EB5 /* AlbumService.swift in Sources */,
				4C1F80D825F33B0200E98A0B /* StickerPackViewModel.swift in Sources */,
			);
			runOnlyForDeploymentPostprocessing = 0;
		};
/* End PBXSourcesBuildPhase section */

/* Begin PBXVariantGroup section */
		9BB7613A254EACF6005B7B5A /* LaunchScreen.storyboard */ = {
			isa = PBXVariantGroup;
			children = (
				9BB7613B254EACF6005B7B5A /* Base */,
			);
			name = LaunchScreen.storyboard;
			sourceTree = "<group>";
		};
/* End PBXVariantGroup section */

/* Begin XCBuildConfiguration section */
		9BB7613E254EACF6005B7B5A /* Debug */ = {
			isa = XCBuildConfiguration;
			buildSettings = {
				ALWAYS_SEARCH_USER_PATHS = NO;
				CLANG_ANALYZER_NONNULL = YES;
				CLANG_ANALYZER_NUMBER_OBJECT_CONVERSION = YES_AGGRESSIVE;
				CLANG_CXX_LANGUAGE_STANDARD = "gnu++14";
				CLANG_CXX_LIBRARY = "libc++";
				CLANG_ENABLE_MODULES = YES;
				CLANG_ENABLE_OBJC_ARC = YES;
				CLANG_ENABLE_OBJC_WEAK = YES;
				CLANG_WARN_BLOCK_CAPTURE_AUTORELEASING = YES;
				CLANG_WARN_BOOL_CONVERSION = YES;
				CLANG_WARN_COMMA = YES;
				CLANG_WARN_CONSTANT_CONVERSION = YES;
				CLANG_WARN_DEPRECATED_OBJC_IMPLEMENTATIONS = YES;
				CLANG_WARN_DIRECT_OBJC_ISA_USAGE = YES_ERROR;
				CLANG_WARN_DOCUMENTATION_COMMENTS = YES;
				CLANG_WARN_EMPTY_BODY = YES;
				CLANG_WARN_ENUM_CONVERSION = YES;
				CLANG_WARN_INFINITE_RECURSION = YES;
				CLANG_WARN_INT_CONVERSION = YES;
				CLANG_WARN_NON_LITERAL_NULL_CONVERSION = YES;
				CLANG_WARN_OBJC_IMPLICIT_RETAIN_SELF = YES;
				CLANG_WARN_OBJC_LITERAL_CONVERSION = YES;
				CLANG_WARN_OBJC_ROOT_CLASS = YES_ERROR;
				CLANG_WARN_QUOTED_INCLUDE_IN_FRAMEWORK_HEADER = YES;
				CLANG_WARN_RANGE_LOOP_ANALYSIS = YES;
				CLANG_WARN_STRICT_PROTOTYPES = YES;
				CLANG_WARN_SUSPICIOUS_MOVE = YES;
				CLANG_WARN_UNGUARDED_AVAILABILITY = YES_AGGRESSIVE;
				CLANG_WARN_UNREACHABLE_CODE = YES;
				CLANG_WARN__DUPLICATE_METHOD_MATCH = YES;
				COPY_PHASE_STRIP = NO;
				DEBUG_INFORMATION_FORMAT = dwarf;
				ENABLE_STRICT_OBJC_MSGSEND = YES;
				ENABLE_TESTABILITY = YES;
				GCC_C_LANGUAGE_STANDARD = gnu11;
				GCC_DYNAMIC_NO_PIC = NO;
				GCC_NO_COMMON_BLOCKS = YES;
				GCC_OPTIMIZATION_LEVEL = 0;
				GCC_PREPROCESSOR_DEFINITIONS = (
					"DEBUG=1",
					"$(inherited)",
				);
				GCC_WARN_64_TO_32_BIT_CONVERSION = YES;
				GCC_WARN_ABOUT_RETURN_TYPE = YES_ERROR;
				GCC_WARN_UNDECLARED_SELECTOR = YES;
				GCC_WARN_UNINITIALIZED_AUTOS = YES_AGGRESSIVE;
				GCC_WARN_UNUSED_FUNCTION = YES;
				GCC_WARN_UNUSED_VARIABLE = YES;
				IPHONEOS_DEPLOYMENT_TARGET = 13.0;
				MTL_ENABLE_DEBUG_INFO = INCLUDE_SOURCE;
				MTL_FAST_MATH = YES;
				ONLY_ACTIVE_ARCH = YES;
				SDKROOT = iphoneos;
				SWIFT_ACTIVE_COMPILATION_CONDITIONS = DEBUG;
				SWIFT_OPTIMIZATION_LEVEL = "-Onone";
			};
			name = Debug;
		};
		9BB7613F254EACF6005B7B5A /* Release */ = {
			isa = XCBuildConfiguration;
			buildSettings = {
				ALWAYS_SEARCH_USER_PATHS = NO;
				CLANG_ANALYZER_NONNULL = YES;
				CLANG_ANALYZER_NUMBER_OBJECT_CONVERSION = YES_AGGRESSIVE;
				CLANG_CXX_LANGUAGE_STANDARD = "gnu++14";
				CLANG_CXX_LIBRARY = "libc++";
				CLANG_ENABLE_MODULES = YES;
				CLANG_ENABLE_OBJC_ARC = YES;
				CLANG_ENABLE_OBJC_WEAK = YES;
				CLANG_WARN_BLOCK_CAPTURE_AUTORELEASING = YES;
				CLANG_WARN_BOOL_CONVERSION = YES;
				CLANG_WARN_COMMA = YES;
				CLANG_WARN_CONSTANT_CONVERSION = YES;
				CLANG_WARN_DEPRECATED_OBJC_IMPLEMENTATIONS = YES;
				CLANG_WARN_DIRECT_OBJC_ISA_USAGE = YES_ERROR;
				CLANG_WARN_DOCUMENTATION_COMMENTS = YES;
				CLANG_WARN_EMPTY_BODY = YES;
				CLANG_WARN_ENUM_CONVERSION = YES;
				CLANG_WARN_INFINITE_RECURSION = YES;
				CLANG_WARN_INT_CONVERSION = YES;
				CLANG_WARN_NON_LITERAL_NULL_CONVERSION = YES;
				CLANG_WARN_OBJC_IMPLICIT_RETAIN_SELF = YES;
				CLANG_WARN_OBJC_LITERAL_CONVERSION = YES;
				CLANG_WARN_OBJC_ROOT_CLASS = YES_ERROR;
				CLANG_WARN_QUOTED_INCLUDE_IN_FRAMEWORK_HEADER = YES;
				CLANG_WARN_RANGE_LOOP_ANALYSIS = YES;
				CLANG_WARN_STRICT_PROTOTYPES = YES;
				CLANG_WARN_SUSPICIOUS_MOVE = YES;
				CLANG_WARN_UNGUARDED_AVAILABILITY = YES_AGGRESSIVE;
				CLANG_WARN_UNREACHABLE_CODE = YES;
				CLANG_WARN__DUPLICATE_METHOD_MATCH = YES;
				COPY_PHASE_STRIP = NO;
				DEBUG_INFORMATION_FORMAT = "dwarf-with-dsym";
				ENABLE_NS_ASSERTIONS = NO;
				ENABLE_STRICT_OBJC_MSGSEND = YES;
				GCC_C_LANGUAGE_STANDARD = gnu11;
				GCC_NO_COMMON_BLOCKS = YES;
				GCC_WARN_64_TO_32_BIT_CONVERSION = YES;
				GCC_WARN_ABOUT_RETURN_TYPE = YES_ERROR;
				GCC_WARN_UNDECLARED_SELECTOR = YES;
				GCC_WARN_UNINITIALIZED_AUTOS = YES_AGGRESSIVE;
				GCC_WARN_UNUSED_FUNCTION = YES;
				GCC_WARN_UNUSED_VARIABLE = YES;
				IPHONEOS_DEPLOYMENT_TARGET = 13.0;
				MTL_ENABLE_DEBUG_INFO = NO;
				MTL_FAST_MATH = YES;
				SDKROOT = iphoneos;
				SWIFT_COMPILATION_MODE = wholemodule;
				SWIFT_OPTIMIZATION_LEVEL = "-O";
				VALIDATE_PRODUCT = YES;
			};
			name = Release;
		};
		9BB76141254EACF6005B7B5A /* Debug */ = {
			isa = XCBuildConfiguration;
			baseConfigurationReference = E3E98072D479862E161291E6 /* Pods-90s.debug.xcconfig */;
			buildSettings = {
				ALWAYS_SEARCH_USER_PATHS = YES;
				ASSETCATALOG_COMPILER_APPICON_NAME = AppIcon;
				ASSETCATALOG_COMPILER_GLOBAL_ACCENT_COLOR_NAME = AccentColor;
				CODE_SIGN_STYLE = Automatic;
				DEVELOPMENT_TEAM = P7PUGAUP8K;
				INFOPLIST_FILE = 90s/SupportingFiles/Info.plist;
				LD_RUNPATH_SEARCH_PATHS = (
					"$(inherited)",
					"@executable_path/Frameworks",
				);
				PRODUCT_BUNDLE_IDENTIFIER = "com.Team-90s.iOS.-0s";
				PRODUCT_NAME = "$(TARGET_NAME)";
				SWIFT_VERSION = 5.0;
				TARGETED_DEVICE_FAMILY = "1,2";
			};
			name = Debug;
		};
		9BB76142254EACF6005B7B5A /* Release */ = {
			isa = XCBuildConfiguration;
			baseConfigurationReference = EF32D8F8CE2C65225D3A7B50 /* Pods-90s.release.xcconfig */;
			buildSettings = {
				ALWAYS_SEARCH_USER_PATHS = YES;
				ASSETCATALOG_COMPILER_APPICON_NAME = AppIcon;
				ASSETCATALOG_COMPILER_GLOBAL_ACCENT_COLOR_NAME = AccentColor;
				CODE_SIGN_STYLE = Automatic;
				DEVELOPMENT_TEAM = P7PUGAUP8K;
				INFOPLIST_FILE = 90s/SupportingFiles/Info.plist;
				LD_RUNPATH_SEARCH_PATHS = (
					"$(inherited)",
					"@executable_path/Frameworks",
				);
				PRODUCT_BUNDLE_IDENTIFIER = "com.Team-90s.iOS.-0s";
				PRODUCT_NAME = "$(TARGET_NAME)";
				SWIFT_VERSION = 5.0;
				TARGETED_DEVICE_FAMILY = "1,2";
			};
			name = Release;
		};
/* End XCBuildConfiguration section */

/* Begin XCConfigurationList section */
		9BB76127254EACF4005B7B5A /* Build configuration list for PBXProject "90s" */ = {
			isa = XCConfigurationList;
			buildConfigurations = (
				9BB7613E254EACF6005B7B5A /* Debug */,
				9BB7613F254EACF6005B7B5A /* Release */,
			);
			defaultConfigurationIsVisible = 0;
			defaultConfigurationName = Release;
		};
		9BB76140254EACF6005B7B5A /* Build configuration list for PBXNativeTarget "90s" */ = {
			isa = XCConfigurationList;
			buildConfigurations = (
				9BB76141254EACF6005B7B5A /* Debug */,
				9BB76142254EACF6005B7B5A /* Release */,
			);
			defaultConfigurationIsVisible = 0;
			defaultConfigurationName = Release;
		};
/* End XCConfigurationList section */
	};
	rootObject = 9BB76124254EACF4005B7B5A /* Project object */;
}
